
Microsoft Visual Studio Solution File, Format Version 12.00
# Visual Studio Version 17
VisualStudioVersion = 17.10.34916.146
MinimumVisualStudioVersion = 10.0.40219.1
Project("{FAE04EC0-301F-11D3-BF4B-00C04F79EFBC}") = "ChatAppServer.WebAPI", "ChatAppServer.WebAPI\ChatAppServer.WebAPI.csproj", "{3A65DE0A-DF22-4D2D-9323-E81EF15ADE51}"
EndProject
Global
	GlobalSection(SolutionConfigurationPlatforms) = preSolution
		Debug|Any CPU = Debug|Any CPU
		Release|Any CPU = Release|Any CPU
	EndGlobalSection
	GlobalSection(ProjectConfigurationPlatforms) = postSolution
		{3A65DE0A-DF22-4D2D-9323-E81EF15ADE51}.Debug|Any CPU.ActiveCfg = Debug|Any CPU
		{3A65DE0A-DF22-4D2D-9323-E81EF15ADE51}.Debug|Any CPU.Build.0 = Debug|Any CPU
		{3A65DE0A-DF22-4D2D-9323-E81EF15ADE51}.Release|Any CPU.ActiveCfg = Release|Any CPU
		{3A65DE0A-DF22-4D2D-9323-E81EF15ADE51}.Release|Any CPU.Build.0 = Release|Any CPU
	EndGlobalSection
	GlobalSection(SolutionProperties) = preSolution
		HideSolutionNode = FALSE
	EndGlobalSection
	GlobalSection(ExtensibilityGlobals) = postSolution
		SolutionGuid = {3C170CFF-5373-44CA-8A61-ABF56FB0AA6C}
	EndGlobalSection
EndGlobal
